
Microsoft Visual Studio Solution File, Format Version 12.00
# Visual Studio Version 17
VisualStudioVersion = 17.2.32526.322
MinimumVisualStudioVersion = 10.0.40219.1
Project("{FAE04EC0-301F-11D3-BF4B-00C04F79EFBC}") = "Aula19", "Aula19\Aula19.csproj", "{0D55C521-A6DC-4D65-B4BF-D61258545AD4}"
EndProject
Global
	GlobalSection(SolutionConfigurationPlatforms) = preSolution
		Debug|Any CPU = Debug|Any CPU
		Release|Any CPU = Release|Any CPU
	EndGlobalSection
	GlobalSection(ProjectConfigurationPlatforms) = postSolution
		{0D55C521-A6DC-4D65-B4BF-D61258545AD4}.Debug|Any CPU.ActiveCfg = Debug|Any CPU
		{0D55C521-A6DC-4D65-B4BF-D61258545AD4}.Debug|Any CPU.Build.0 = Debug|Any CPU
		{0D55C521-A6DC-4D65-B4BF-D61258545AD4}.Release|Any CPU.ActiveCfg = Release|Any CPU
		{0D55C521-A6DC-4D65-B4BF-D61258545AD4}.Release|Any CPU.Build.0 = Release|Any CPU
	EndGlobalSection
	GlobalSection(SolutionProperties) = preSolution
		HideSolutionNode = FALSE
	EndGlobalSection
	GlobalSection(ExtensibilityGlobals) = postSolution
		SolutionGuid = {E228BC1F-63E5-484A-B21E-4805C35CF0D6}
	EndGlobalSection
EndGlobal
